// !$*UTF8*$!
{
	archiveVersion = 1;
	classes = {
	};
	objectVersion = 77;
	objects = {

/* Begin PBXBuildFile section */
		4D26C3FA2D64B46300C19C6B /* FirebaseAuth in Frameworks */ = {isa = PBXBuildFile; productRef = 4D26C3F92D64B46300C19C6B /* FirebaseAuth */; };
		4D26C3FC2D64B46300C19C6B /* FirebaseFirestore in Frameworks */ = {isa = PBXBuildFile; productRef = 4D26C3FB2D64B46300C19C6B /* FirebaseFirestore */; };
		4D8D74BD2D6522A6009C8BD3 /* .gitignore in Resources */ = {isa = PBXBuildFile; fileRef = 4D8D74BC2D65229A009C8BD3 /* .gitignore */; };
		4DE428302D65253E009C4D20 /* README.md in Resources */ = {isa = PBXBuildFile; fileRef = 4DE4282F2D652536009C4D20 /* README.md */; };
/* End PBXBuildFile section */

/* Begin PBXContainerItemProxy section */
		4D26C3DC2D64B0AD00C19C6B /* PBXContainerItemProxy */ = {
			isa = PBXContainerItemProxy;
			containerPortal = 4D26C3C32D64B0AB00C19C6B /* Project object */;
			proxyType = 1;
			remoteGlobalIDString = 4D26C3CA2D64B0AB00C19C6B;
			remoteInfo = TODOList;
		};
		4D26C3E62D64B0AD00C19C6B /* PBXContainerItemProxy */ = {
			isa = PBXContainerItemProxy;
			containerPortal = 4D26C3C32D64B0AB00C19C6B /* Project object */;
			proxyType = 1;
			remoteGlobalIDString = 4D26C3CA2D64B0AB00C19C6B;
			remoteInfo = TODOList;
		};
/* End PBXContainerItemProxy section */

/* Begin PBXFileReference section */
		4D26C3CB2D64B0AB00C19C6B /* TODOList.app */ = {isa = PBXFileReference; explicitFileType = wrapper.application; includeInIndex = 0; path = TODOList.app; sourceTree = BUILT_PRODUCTS_DIR; };
		4D26C3DB2D64B0AD00C19C6B /* TODOListTests.xctest */ = {isa = PBXFileReference; explicitFileType = wrapper.cfbundle; includeInIndex = 0; path = TODOListTests.xctest; sourceTree = BUILT_PRODUCTS_DIR; };
		4D26C3E52D64B0AD00C19C6B /* TODOListUITests.xctest */ = {isa = PBXFileReference; explicitFileType = wrapper.cfbundle; includeInIndex = 0; path = TODOListUITests.xctest; sourceTree = BUILT_PRODUCTS_DIR; };
		4D8D74BC2D65229A009C8BD3 /* .gitignore */ = {isa = PBXFileReference; lastKnownFileType = text; path = .gitignore; sourceTree = "<group>"; };
		4DE4282F2D652536009C4D20 /* README.md */ = {isa = PBXFileReference; lastKnownFileType = net.daringfireball.markdown; path = README.md; sourceTree = "<group>"; };
/* End PBXFileReference section */

/* Begin PBXFileSystemSynchronizedRootGroup section */
		4D26C3CD2D64B0AB00C19C6B /* TODOList */ = {
			isa = PBXFileSystemSynchronizedRootGroup;
			path = TODOList;
			sourceTree = "<group>";
		};
		4D26C3DE2D64B0AD00C19C6B /* TODOListTests */ = {
			isa = PBXFileSystemSynchronizedRootGroup;
			path = TODOListTests;
			sourceTree = "<group>";
		};
		4D26C3E82D64B0AD00C19C6B /* TODOListUITests */ = {
			isa = PBXFileSystemSynchronizedRootGroup;
			path = TODOListUITests;
			sourceTree = "<group>";
		};
/* End PBXFileSystemSynchronizedRootGroup section */

/* Begin PBXFrameworksBuildPhase section */
		4D26C3C82D64B0AB00C19C6B /* Frameworks */ = {
			isa = PBXFrameworksBuildPhase;
			buildActionMask = 2147483647;
			files = (
				4D26C3FA2D64B46300C19C6B /* FirebaseAuth in Frameworks */,
				4D26C3FC2D64B46300C19C6B /* FirebaseFirestore in Frameworks */,
			);
			runOnlyForDeploymentPostprocessing = 0;
		};
		4D26C3D82D64B0AD00C19C6B /* Frameworks */ = {
			isa = PBXFrameworksBuildPhase;
			buildActionMask = 2147483647;
			files = (
			);
			runOnlyForDeploymentPostprocessing = 0;
		};
		4D26C3E22D64B0AD00C19C6B /* Frameworks */ = {
			isa = PBXFrameworksBuildPhase;
			buildActionMask = 2147483647;
			files = (
			);
			runOnlyForDeploymentPostprocessing = 0;
		};
/* End PBXFrameworksBuildPhase section */

/* Begin PBXGroup section */
		4D26C3C22D64B0AB00C19C6B = {
			isa = PBXGroup;
			children = (
				4DE4282F2D652536009C4D20 /* README.md */,
				4D8D74BC2D65229A009C8BD3 /* .gitignore */,
				4D26C3CD2D64B0AB00C19C6B /* TODOList */,
				4D26C3DE2D64B0AD00C19C6B /* TODOListTests */,
				4D26C3E82D64B0AD00C19C6B /* TODOListUITests */,
				4D26C3CC2D64B0AB00C19C6B /* Products */,
			);
			sourceTree = "<group>";
		};
		4D26C3CC2D64B0AB00C19C6B /* Products */ = {
			isa = PBXGroup;
			children = (
				4D26C3CB2D64B0AB00C19C6B /* TODOList.app */,
				4D26C3DB2D64B0AD00C19C6B /* TODOListTests.xctest */,
				4D26C3E52D64B0AD00C19C6B /* TODOListUITests.xctest */,
			);
			name = Products;
			sourceTree = "<group>";
		};
/* End PBXGroup section */

/* Begin PBXNativeTarget section */
		4D26C3CA2D64B0AB00C19C6B /* TODOList */ = {
			isa = PBXNativeTarget;
			buildConfigurationList = 4D26C3EF2D64B0AD00C19C6B /* Build configuration list for PBXNativeTarget "TODOList" */;
			buildPhases = (
				4D26C3C72D64B0AB00C19C6B /* Sources */,
				4D26C3C82D64B0AB00C19C6B /* Frameworks */,
				4D26C3C92D64B0AB00C19C6B /* Resources */,
			);
			buildRules = (
			);
			dependencies = (
			);
			fileSystemSynchronizedGroups = (
				4D26C3CD2D64B0AB00C19C6B /* TODOList */,
			);
			name = TODOList;
			packageProductDependencies = (
				4D26C3F92D64B46300C19C6B /* FirebaseAuth */,
				4D26C3FB2D64B46300C19C6B /* FirebaseFirestore */,
			);
			productName = TODOList;
			productReference = 4D26C3CB2D64B0AB00C19C6B /* TODOList.app */;
			productType = "com.apple.product-type.application";
		};
		4D26C3DA2D64B0AD00C19C6B /* TODOListTests */ = {
			isa = PBXNativeTarget;
			buildConfigurationList = 4D26C3F22D64B0AD00C19C6B /* Build configuration list for PBXNativeTarget "TODOListTests" */;
			buildPhases = (
				4D26C3D72D64B0AD00C19C6B /* Sources */,
				4D26C3D82D64B0AD00C19C6B /* Frameworks */,
				4D26C3D92D64B0AD00C19C6B /* Resources */,
			);
			buildRules = (
			);
			dependencies = (
				4D26C3DD2D64B0AD00C19C6B /* PBXTargetDependency */,
			);
			fileSystemSynchronizedGroups = (
				4D26C3DE2D64B0AD00C19C6B /* TODOListTests */,
			);
			name = TODOListTests;
			packageProductDependencies = (
			);
			productName = TODOListTests;
			productReference = 4D26C3DB2D64B0AD00C19C6B /* TODOListTests.xctest */;
			productType = "com.apple.product-type.bundle.unit-test";
		};
		4D26C3E42D64B0AD00C19C6B /* TODOListUITests */ = {
			isa = PBXNativeTarget;
			buildConfigurationList = 4D26C3F52D64B0AD00C19C6B /* Build configuration list for PBXNativeTarget "TODOListUITests" */;
			buildPhases = (
				4D26C3E12D64B0AD00C19C6B /* Sources */,
				4D26C3E22D64B0AD00C19C6B /* Frameworks */,
				4D26C3E32D64B0AD00C19C6B /* Resources */,
			);
			buildRules = (
			);
			dependencies = (
				4D26C3E72D64B0AD00C19C6B /* PBXTargetDependency */,
			);
			fileSystemSynchronizedGroups = (
				4D26C3E82D64B0AD00C19C6B /* TODOListUITests */,
			);
			name = TODOListUITests;
			packageProductDependencies = (
			);
			productName = TODOListUITests;
			productReference = 4D26C3E52D64B0AD00C19C6B /* TODOListUITests.xctest */;
			productType = "com.apple.product-type.bundle.ui-testing";
		};
/* End PBXNativeTarget section */

/* Begin PBXProject section */
		4D26C3C32D64B0AB00C19C6B /* Project object */ = {
			isa = PBXProject;
			attributes = {
				BuildIndependentTargetsInParallel = 1;
				LastSwiftUpdateCheck = 1620;
				LastUpgradeCheck = 1620;
				TargetAttributes = {
					4D26C3CA2D64B0AB00C19C6B = {
						CreatedOnToolsVersion = 16.2;
					};
					4D26C3DA2D64B0AD00C19C6B = {
						CreatedOnToolsVersion = 16.2;
						TestTargetID = 4D26C3CA2D64B0AB00C19C6B;
					};
					4D26C3E42D64B0AD00C19C6B = {
						CreatedOnToolsVersion = 16.2;
						TestTargetID = 4D26C3CA2D64B0AB00C19C6B;
					};
				};
			};
			buildConfigurationList = 4D26C3C62D64B0AB00C19C6B /* Build configuration list for PBXProject "TODOList" */;
			developmentRegion = en;
			hasScannedForEncodings = 0;
			knownRegions = (
				en,
				Base,
			);
			mainGroup = 4D26C3C22D64B0AB00C19C6B;
			minimizedProjectReferenceProxies = 1;
			packageReferences = (
				4D26C3F82D64B3B200C19C6B /* XCRemoteSwiftPackageReference "firebase-ios-sdk" */,
			);
			preferredProjectObjectVersion = 77;
			productRefGroup = 4D26C3CC2D64B0AB00C19C6B /* Products */;
			projectDirPath = "";
			projectRoot = "";
			targets = (
				4D26C3CA2D64B0AB00C19C6B /* TODOList */,
				4D26C3DA2D64B0AD00C19C6B /* TODOListTests */,
				4D26C3E42D64B0AD00C19C6B /* TODOListUITests */,
			);
		};
/* End PBXProject section */

/* Begin PBXResourcesBuildPhase section */
		4D26C3C92D64B0AB00C19C6B /* Resources */ = {
			isa = PBXResourcesBuildPhase;
			buildActionMask = 2147483647;
			files = (
				4D8D74BD2D6522A6009C8BD3 /* .gitignore in Resources */,
				4DE428302D65253E009C4D20 /* README.md in Resources */,
			);
			runOnlyForDeploymentPostprocessing = 0;
		};
		4D26C3D92D64B0AD00C19C6B /* Resources */ = {
			isa = PBXResourcesBuildPhase;
			buildActionMask = 2147483647;
			files = (
			);
			runOnlyForDeploymentPostprocessing = 0;
		};
		4D26C3E32D64B0AD00C19C6B /* Resources */ = {
			isa = PBXResourcesBuildPhase;
			buildActionMask = 2147483647;
			files = (
			);
			runOnlyForDeploymentPostprocessing = 0;
		};
/* End PBXResourcesBuildPhase section */

/* Begin PBXSourcesBuildPhase section */
		4D26C3C72D64B0AB00C19C6B /* Sources */ = {
			isa = PBXSourcesBuildPhase;
			buildActionMask = 2147483647;
			files = (
			);
			runOnlyForDeploymentPostprocessing = 0;
		};
		4D26C3D72D64B0AD00C19C6B /* Sources */ = {
			isa = PBXSourcesBuildPhase;
			buildActionMask = 2147483647;
			files = (
			);
			runOnlyForDeploymentPostprocessing = 0;
		};
		4D26C3E12D64B0AD00C19C6B /* Sources */ = {
			isa = PBXSourcesBuildPhase;
			buildActionMask = 2147483647;
			files = (
			);
			runOnlyForDeploymentPostprocessing = 0;
		};
/* End PBXSourcesBuildPhase section */

/* Begin PBXTargetDependency section */
		4D26C3DD2D64B0AD00C19C6B /* PBXTargetDependency */ = {
			isa = PBXTargetDependency;
			target = 4D26C3CA2D64B0AB00C19C6B /* TODOList */;
			targetProxy = 4D26C3DC2D64B0AD00C19C6B /* PBXContainerItemProxy */;
		};
		4D26C3E72D64B0AD00C19C6B /* PBXTargetDependency */ = {
			isa = PBXTargetDependency;
			target = 4D26C3CA2D64B0AB00C19C6B /* TODOList */;
			targetProxy = 4D26C3E62D64B0AD00C19C6B /* PBXContainerItemProxy */;
		};
/* End PBXTargetDependency section */

/* Begin XCBuildConfiguration section */
		4D26C3ED2D64B0AD00C19C6B /* Debug */ = {
			isa = XCBuildConfiguration;
			buildSettings = {
				ALWAYS_SEARCH_USER_PATHS = NO;
				ASSETCATALOG_COMPILER_GENERATE_SWIFT_ASSET_SYMBOL_EXTENSIONS = YES;
				CLANG_ANALYZER_NONNULL = YES;
				CLANG_ANALYZER_NUMBER_OBJECT_CONVERSION = YES_AGGRESSIVE;
				CLANG_CXX_LANGUAGE_STANDARD = "gnu++20";
				CLANG_ENABLE_MODULES = YES;
				CLANG_ENABLE_OBJC_ARC = YES;
				CLANG_ENABLE_OBJC_WEAK = YES;
				CLANG_WARN_BLOCK_CAPTURE_AUTORELEASING = YES;
				CLANG_WARN_BOOL_CONVERSION = YES;
				CLANG_WARN_COMMA = YES;
				CLANG_WARN_CONSTANT_CONVERSION = YES;
				CLANG_WARN_DEPRECATED_OBJC_IMPLEMENTATIONS = YES;
				CLANG_WARN_DIRECT_OBJC_ISA_USAGE = YES_ERROR;
				CLANG_WARN_DOCUMENTATION_COMMENTS = YES;
				CLANG_WARN_EMPTY_BODY = YES;
				CLANG_WARN_ENUM_CONVERSION = YES;
				CLANG_WARN_INFINITE_RECURSION = YES;
				CLANG_WARN_INT_CONVERSION = YES;
				CLANG_WARN_NON_LITERAL_NULL_CONVERSION = YES;
				CLANG_WARN_OBJC_IMPLICIT_RETAIN_SELF = YES;
				CLANG_WARN_OBJC_LITERAL_CONVERSION = YES;
				CLANG_WARN_OBJC_ROOT_CLASS = YES_ERROR;
				CLANG_WARN_QUOTED_INCLUDE_IN_FRAMEWORK_HEADER = YES;
				CLANG_WARN_RANGE_LOOP_ANALYSIS = YES;
				CLANG_WARN_STRICT_PROTOTYPES = YES;
				CLANG_WARN_SUSPICIOUS_MOVE = YES;
				CLANG_WARN_UNGUARDED_AVAILABILITY = YES_AGGRESSIVE;
				CLANG_WARN_UNREACHABLE_CODE = YES;
				CLANG_WARN__DUPLICATE_METHOD_MATCH = YES;
				COPY_PHASE_STRIP = NO;
				DEBUG_INFORMATION_FORMAT = dwarf;
				ENABLE_STRICT_OBJC_MSGSEND = YES;
				ENABLE_TESTABILITY = YES;
				ENABLE_USER_SCRIPT_SANDBOXING = YES;
				GCC_C_LANGUAGE_STANDARD = gnu17;
				GCC_DYNAMIC_NO_PIC = NO;
				GCC_NO_COMMON_BLOCKS = YES;
				GCC_OPTIMIZATION_LEVEL = 0;
				GCC_PREPROCESSOR_DEFINITIONS = (
					"DEBUG=1",
					"$(inherited)",
				);
				GCC_WARN_64_TO_32_BIT_CONVERSION = YES;
				GCC_WARN_ABOUT_RETURN_TYPE = YES_ERROR;
				GCC_WARN_UNDECLARED_SELECTOR = YES;
				GCC_WARN_UNINITIALIZED_AUTOS = YES_AGGRESSIVE;
				GCC_WARN_UNUSED_FUNCTION = YES;
				GCC_WARN_UNUSED_VARIABLE = YES;
				IPHONEOS_DEPLOYMENT_TARGET = 18.2;
				LOCALIZATION_PREFERS_STRING_CATALOGS = YES;
				MTL_ENABLE_DEBUG_INFO = INCLUDE_SOURCE;
				MTL_FAST_MATH = YES;
				ONLY_ACTIVE_ARCH = YES;
				SDKROOT = iphoneos;
				SWIFT_ACTIVE_COMPILATION_CONDITIONS = "DEBUG $(inherited)";
				SWIFT_OPTIMIZATION_LEVEL = "-Onone";
			};
			name = Debug;
		};
		4D26C3EE2D64B0AD00C19C6B /* Release */ = {
			isa = XCBuildConfiguration;
			buildSettings = {
				ALWAYS_SEARCH_USER_PATHS = NO;
				ASSETCATALOG_COMPILER_GENERATE_SWIFT_ASSET_SYMBOL_EXTENSIONS = YES;
				CLANG_ANALYZER_NONNULL = YES;
				CLANG_ANALYZER_NUMBER_OBJECT_CONVERSION = YES_AGGRESSIVE;
				CLANG_CXX_LANGUAGE_STANDARD = "gnu++20";
				CLANG_ENABLE_MODULES = YES;
				CLANG_ENABLE_OBJC_ARC = YES;
				CLANG_ENABLE_OBJC_WEAK = YES;
				CLANG_WARN_BLOCK_CAPTURE_AUTORELEASING = YES;
				CLANG_WARN_BOOL_CONVERSION = YES;
				CLANG_WARN_COMMA = YES;
				CLANG_WARN_CONSTANT_CONVERSION = YES;
				CLANG_WARN_DEPRECATED_OBJC_IMPLEMENTATIONS = YES;
				CLANG_WARN_DIRECT_OBJC_ISA_USAGE = YES_ERROR;
				CLANG_WARN_DOCUMENTATION_COMMENTS = YES;
				CLANG_WARN_EMPTY_BODY = YES;
				CLANG_WARN_ENUM_CONVERSION = YES;
				CLANG_WARN_INFINITE_RECURSION = YES;
				CLANG_WARN_INT_CONVERSION = YES;
				CLANG_WARN_NON_LITERAL_NULL_CONVERSION = YES;
				CLANG_WARN_OBJC_IMPLICIT_RETAIN_SELF = YES;
				CLANG_WARN_OBJC_LITERAL_CONVERSION = YES;
				CLANG_WARN_OBJC_ROOT_CLASS = YES_ERROR;
				CLANG_WARN_QUOTED_INCLUDE_IN_FRAMEWORK_HEADER = YES;
				CLANG_WARN_RANGE_LOOP_ANALYSIS = YES;
				CLANG_WARN_STRICT_PROTOTYPES = YES;
				CLANG_WARN_SUSPICIOUS_MOVE = YES;
				CLANG_WARN_UNGUARDED_AVAILABILITY = YES_AGGRESSIVE;
				CLANG_WARN_UNREACHABLE_CODE = YES;
				CLANG_WARN__DUPLICATE_METHOD_MATCH = YES;
				COPY_PHASE_STRIP = NO;
				DEBUG_INFORMATION_FORMAT = "dwarf-with-dsym";
				ENABLE_NS_ASSERTIONS = NO;
				ENABLE_STRICT_OBJC_MSGSEND = YES;
				ENABLE_USER_SCRIPT_SANDBOXING = YES;
				GCC_C_LANGUAGE_STANDARD = gnu17;
				GCC_NO_COMMON_BLOCKS = YES;
				GCC_WARN_64_TO_32_BIT_CONVERSION = YES;
				GCC_WARN_ABOUT_RETURN_TYPE = YES_ERROR;
				GCC_WARN_UNDECLARED_SELECTOR = YES;
				GCC_WARN_UNINITIALIZED_AUTOS = YES_AGGRESSIVE;
				GCC_WARN_UNUSED_FUNCTION = YES;
				GCC_WARN_UNUSED_VARIABLE = YES;
				IPHONEOS_DEPLOYMENT_TARGET = 18.2;
				LOCALIZATION_PREFERS_STRING_CATALOGS = YES;
				MTL_ENABLE_DEBUG_INFO = NO;
				MTL_FAST_MATH = YES;
				SDKROOT = iphoneos;
				SWIFT_COMPILATION_MODE = wholemodule;
				VALIDATE_PRODUCT = YES;
			};
			name = Release;
		};
		4D26C3F02D64B0AD00C19C6B /* Debug */ = {
			isa = XCBuildConfiguration;
			buildSettings = {
				ASSETCATALOG_COMPILER_APPICON_NAME = AppIcon;
				ASSETCATALOG_COMPILER_GLOBAL_ACCENT_COLOR_NAME = AccentColor;
				CODE_SIGN_STYLE = Automatic;
				CURRENT_PROJECT_VERSION = 1;
				DEVELOPMENT_ASSET_PATHS = "\"TODOList/Preview Content\"";
				ENABLE_PREVIEWS = YES;
				GENERATE_INFOPLIST_FILE = YES;
				INFOPLIST_KEY_CFBundleDisplayName = TODOList;
				INFOPLIST_KEY_UIApplicationSceneManifest_Generation = YES;
				INFOPLIST_KEY_UIApplicationSupportsIndirectInputEvents = YES;
				INFOPLIST_KEY_UILaunchScreen_Generation = YES;
				INFOPLIST_KEY_UISupportedInterfaceOrientations = "UIInterfaceOrientationLandscapeLeft UIInterfaceOrientationLandscapeRight UIInterfaceOrientationPortrait";
				INFOPLIST_KEY_UISupportedInterfaceOrientations_iPad = UIInterfaceOrientationPortrait;
				LD_RUNPATH_SEARCH_PATHS = (
					"$(inherited)",
					"@executable_path/Frameworks",
				);
				MARKETING_VERSION = 1.0;
				PRODUCT_BUNDLE_IDENTIFIER = com.lifaus.TODOList;
				PRODUCT_NAME = "$(TARGET_NAME)";
				SWIFT_EMIT_LOC_STRINGS = YES;
				SWIFT_VERSION = 5.0;
				TARGETED_DEVICE_FAMILY = "1,2";
			};
			name = Debug;
		};
		4D26C3F12D64B0AD00C19C6B /* Release */ = {
			isa = XCBuildConfiguration;
			buildSettings = {
				ASSETCATALOG_COMPILER_APPICON_NAME = AppIcon;
				ASSETCATALOG_COMPILER_GLOBAL_ACCENT_COLOR_NAME = AccentColor;
				CODE_SIGN_STYLE = Automatic;
				CURRENT_PROJECT_VERSION = 1;
				DEVELOPMENT_ASSET_PATHS = "\"TODOList/Preview Content\"";
				ENABLE_PREVIEWS = YES;
				GENERATE_INFOPLIST_FILE = YES;
				INFOPLIST_KEY_CFBundleDisplayName = TODOList;
				INFOPLIST_KEY_UIApplicationSceneManifest_Generation = YES;
				INFOPLIST_KEY_UIApplicationSupportsIndirectInputEvents = YES;
				INFOPLIST_KEY_UILaunchScreen_Generation = YES;
				INFOPLIST_KEY_UISupportedInterfaceOrientations = "UIInterfaceOrientationLandscapeLeft UIInterfaceOrientationLandscapeRight UIInterfaceOrientationPortrait";
				INFOPLIST_KEY_UISupportedInterfaceOrientations_iPad = UIInterfaceOrientationPortrait;
				LD_RUNPATH_SEARCH_PATHS = (
					"$(inherited)",
					"@executable_path/Frameworks",
				);
				MARKETING_VERSION = 1.0;
				PRODUCT_BUNDLE_IDENTIFIER = com.lifaus.TODOList;
				PRODUCT_NAME = "$(TARGET_NAME)";
				SWIFT_EMIT_LOC_STRINGS = YES;
				SWIFT_VERSION = 5.0;
				TARGETED_DEVICE_FAMILY = "1,2";
			};
			name = Release;
		};
		4D26C3F32D64B0AD00C19C6B /* Debug */ = {
			isa = XCBuildConfiguration;
			buildSettings = {
				BUNDLE_LOADER = "$(TEST_HOST)";
				CODE_SIGN_STYLE = Automatic;
				CURRENT_PROJECT_VERSION = 1;
				GENERATE_INFOPLIST_FILE = YES;
				IPHONEOS_DEPLOYMENT_TARGET = 18.2;
				MARKETING_VERSION = 1.0;
				PRODUCT_BUNDLE_IDENTIFIER = com.lifaus.TODOListTests;
				PRODUCT_NAME = "$(TARGET_NAME)";
				SWIFT_EMIT_LOC_STRINGS = NO;
				SWIFT_VERSION = 5.0;
				TARGETED_DEVICE_FAMILY = "1,2";
				TEST_HOST = "$(BUILT_PRODUCTS_DIR)/TODOList.app/$(BUNDLE_EXECUTABLE_FOLDER_PATH)/TODOList";
			};
			name = Debug;
		};
		4D26C3F42D64B0AD00C19C6B /* Release */ = {
			isa = XCBuildConfiguration;
			buildSettings = {
				BUNDLE_LOADER = "$(TEST_HOST)";
				CODE_SIGN_STYLE = Automatic;
				CURRENT_PROJECT_VERSION = 1;
				GENERATE_INFOPLIST_FILE = YES;
				IPHONEOS_DEPLOYMENT_TARGET = 18.2;
				MARKETING_VERSION = 1.0;
				PRODUCT_BUNDLE_IDENTIFIER = com.lifaus.TODOListTests;
				PRODUCT_NAME = "$(TARGET_NAME)";
				SWIFT_EMIT_LOC_STRINGS = NO;
				SWIFT_VERSION = 5.0;
				TARGETED_DEVICE_FAMILY = "1,2";
				TEST_HOST = "$(BUILT_PRODUCTS_DIR)/TODOList.app/$(BUNDLE_EXECUTABLE_FOLDER_PATH)/TODOList";
			};
			name = Release;
		};
		4D26C3F62D64B0AD00C19C6B /* Debug */ = {
			isa = XCBuildConfiguration;
			buildSettings = {
				CODE_SIGN_STYLE = Automatic;
				CURRENT_PROJECT_VERSION = 1;
				GENERATE_INFOPLIST_FILE = YES;
				MARKETING_VERSION = 1.0;
				PRODUCT_BUNDLE_IDENTIFIER = com.lifaus.TODOListUITests;
				PRODUCT_NAME = "$(TARGET_NAME)";
				SWIFT_EMIT_LOC_STRINGS = NO;
				SWIFT_VERSION = 5.0;
				TARGETED_DEVICE_FAMILY = "1,2";
				TEST_TARGET_NAME = TODOList;
			};
			name = Debug;
		};
		4D26C3F72D64B0AD00C19C6B /* Release */ = {
			isa = XCBuildConfiguration;
			buildSettings = {
				CODE_SIGN_STYLE = Automatic;
				CURRENT_PROJECT_VERSION = 1;
				GENERATE_INFOPLIST_FILE = YES;
				MARKETING_VERSION = 1.0;
				PRODUCT_BUNDLE_IDENTIFIER = com.lifaus.TODOListUITests;
				PRODUCT_NAME = "$(TARGET_NAME)";
				SWIFT_EMIT_LOC_STRINGS = NO;
				SWIFT_VERSION = 5.0;
				TARGETED_DEVICE_FAMILY = "1,2";
				TEST_TARGET_NAME = TODOList;
			};
			name = Release;
		};
/* End XCBuildConfiguration section */

/* Begin XCConfigurationList section */
		4D26C3C62D64B0AB00C19C6B /* Build configuration list for PBXProject "TODOList" */ = {
			isa = XCConfigurationList;
			buildConfigurations = (
				4D26C3ED2D64B0AD00C19C6B /* Debug */,
				4D26C3EE2D64B0AD00C19C6B /* Release */,
			);
			defaultConfigurationIsVisible = 0;
			defaultConfigurationName = Release;
		};
		4D26C3EF2D64B0AD00C19C6B /* Build configuration list for PBXNativeTarget "TODOList" */ = {
			isa = XCConfigurationList;
			buildConfigurations = (
				4D26C3F02D64B0AD00C19C6B /* Debug */,
				4D26C3F12D64B0AD00C19C6B /* Release */,
			);
			defaultConfigurationIsVisible = 0;
			defaultConfigurationName = Release;
		};
		4D26C3F22D64B0AD00C19C6B /* Build configuration list for PBXNativeTarget "TODOListTests" */ = {
			isa = XCConfigurationList;
			buildConfigurations = (
				4D26C3F32D64B0AD00C19C6B /* Debug */,
				4D26C3F42D64B0AD00C19C6B /* Release */,
			);
			defaultConfigurationIsVisible = 0;
			defaultConfigurationName = Release;
		};
		4D26C3F52D64B0AD00C19C6B /* Build configuration list for PBXNativeTarget "TODOListUITests" */ = {
			isa = XCConfigurationList;
			buildConfigurations = (
				4D26C3F62D64B0AD00C19C6B /* Debug */,
				4D26C3F72D64B0AD00C19C6B /* Release */,
			);
			defaultConfigurationIsVisible = 0;
			defaultConfigurationName = Release;
		};
/* End XCConfigurationList section */

/* Begin XCRemoteSwiftPackageReference section */
		4D26C3F82D64B3B200C19C6B /* XCRemoteSwiftPackageReference "firebase-ios-sdk" */ = {
			isa = XCRemoteSwiftPackageReference;
			repositoryURL = "https://github.com/firebase/firebase-ios-sdk";
			requirement = {
				kind = upToNextMajorVersion;
				minimumVersion = 11.8.1;
			};
		};
/* End XCRemoteSwiftPackageReference section */

/* Begin XCSwiftPackageProductDependency section */
		4D26C3F92D64B46300C19C6B /* FirebaseAuth */ = {
			isa = XCSwiftPackageProductDependency;
			package = 4D26C3F82D64B3B200C19C6B /* XCRemoteSwiftPackageReference "firebase-ios-sdk" */;
			productName = FirebaseAuth;
		};
		4D26C3FB2D64B46300C19C6B /* FirebaseFirestore */ = {
			isa = XCSwiftPackageProductDependency;
			package = 4D26C3F82D64B3B200C19C6B /* XCRemoteSwiftPackageReference "firebase-ios-sdk" */;
			productName = FirebaseFirestore;
		};
/* End XCSwiftPackageProductDependency section */
	};
	rootObject = 4D26C3C32D64B0AB00C19C6B /* Project object */;
}
